
Microsoft Visual Studio Solution File, Format Version 12.00
# Visual Studio Version 17
VisualStudioVersion = 17.0.31903.59
MinimumVisualStudioVersion = 10.0.40219.1
Project("{2150E333-8FDC-42A3-9474-1A3956D46DE8}") = "src", "src", "{827E0CD3-B72D-47B6-A68D-7590B98EB39B}"
EndProject
Project("{FAE04EC0-301F-11D3-BF4B-00C04F79EFBC}") = "ProcureToPay.Api", "src\ProcureToPay.Api\ProcureToPay.Api.csproj", "{74B7613A-1747-4906-973B-3D155D5C3770}"
EndProject
Project("{FAE04EC0-301F-11D3-BF4B-00C04F79EFBC}") = "ProcureToPay.Application", "src\ProcureToPay.Application\ProcureToPay.Application.csproj", "{0A327689-147B-45C5-9558-3833AEECE717}"
EndProject
Project("{FAE04EC0-301F-11D3-BF4B-00C04F79EFBC}") = "ProcureToPay.Domain", "src\ProcureToPay.Domain\ProcureToPay.Domain.csproj", "{44F9AAB8-5CA8-4DED-A577-1050020746F5}"
EndProject
Project("{FAE04EC0-301F-11D3-BF4B-00C04F79EFBC}") = "ProcureToPay.Infrastructure", "src\ProcureToPay.Infrastructure\ProcureToPay.Infrastructure.csproj", "{9DACECBA-D38F-4B0E-86A7-7FAF4708BB7F}"
EndProject
Project("{2150E333-8FDC-42A3-9474-1A3956D46DE8}") = "tests", "tests", "{0AB3BF05-4346-4AA6-1389-037BE0695223}"
EndProject
Project("{FAE04EC0-301F-11D3-BF4B-00C04F79EFBC}") = "ProcureToPay.UnitTests", "tests\ProcureToPay.UnitTests\ProcureToPay.UnitTests.csproj", "{76F1747D-13A6-4E1C-8B68-CBB6A632ED48}"
EndProject
Project("{FAE04EC0-301F-11D3-BF4B-00C04F79EFBC}") = "ProcureToPay.IntegrationTests", "tests\ProcureToPay.IntegrationTests\ProcureToPay.IntegrationTests.csproj", "{75A3F95E-7202-47B5-BCC2-1E71C856188C}"
EndProject
Project("{FAE04EC0-301F-11D3-BF4B-00C04F79EFBC}") = "ProcureToPay.ApiE2ETests", "tests\ProcureToPay.ApiE2ETests\ProcureToPay.ApiE2ETests.csproj", "{D4272505-4D73-4A1A-886A-D1BD4285FA56}"
EndProject
Global
	GlobalSection(SolutionConfigurationPlatforms) = preSolution
		Debug|Any CPU = Debug|Any CPU
		Debug|x64 = Debug|x64
		Debug|x86 = Debug|x86
		Release|Any CPU = Release|Any CPU
		Release|x64 = Release|x64
		Release|x86 = Release|x86
	EndGlobalSection
	GlobalSection(ProjectConfigurationPlatforms) = postSolution
		{74B7613A-1747-4906-973B-3D155D5C3770}.Debug|Any CPU.ActiveCfg = Debug|Any CPU
		{74B7613A-1747-4906-973B-3D155D5C3770}.Debug|Any CPU.Build.0 = Debug|Any CPU
		{74B7613A-1747-4906-973B-3D155D5C3770}.Debug|x64.ActiveCfg = Debug|Any CPU
		{74B7613A-1747-4906-973B-3D155D5C3770}.Debug|x64.Build.0 = Debug|Any CPU
		{74B7613A-1747-4906-973B-3D155D5C3770}.Debug|x86.ActiveCfg = Debug|Any CPU
		{74B7613A-1747-4906-973B-3D155D5C3770}.Debug|x86.Build.0 = Debug|Any CPU
		{74B7613A-1747-4906-973B-3D155D5C3770}.Release|Any CPU.ActiveCfg = Release|Any CPU
		{74B7613A-1747-4906-973B-3D155D5C3770}.Release|Any CPU.Build.0 = Release|Any CPU
		{74B7613A-1747-4906-973B-3D155D5C3770}.Release|x64.ActiveCfg = Release|Any CPU
		{74B7613A-1747-4906-973B-3D155D5C3770}.Release|x64.Build.0 = Release|Any CPU
		{74B7613A-1747-4906-973B-3D155D5C3770}.Release|x86.ActiveCfg = Release|Any CPU
		{74B7613A-1747-4906-973B-3D155D5C3770}.Release|x86.Build.0 = Release|Any CPU
		{0A327689-147B-45C5-9558-3833AEECE717}.Debug|Any CPU.ActiveCfg = Debug|Any CPU
		{0A327689-147B-45C5-9558-3833AEECE717}.Debug|Any CPU.Build.0 = Debug|Any CPU
		{0A327689-147B-45C5-9558-3833AEECE717}.Debug|x64.ActiveCfg = Debug|Any CPU
		{0A327689-147B-45C5-9558-3833AEECE717}.Debug|x64.Build.0 = Debug|Any CPU
		{0A327689-147B-45C5-9558-3833AEECE717}.Debug|x86.ActiveCfg = Debug|Any CPU
		{0A327689-147B-45C5-9558-3833AEECE717}.Debug|x86.Build.0 = Debug|Any CPU
		{0A327689-147B-45C5-9558-3833AEECE717}.Release|Any CPU.ActiveCfg = Release|Any CPU
		{0A327689-147B-45C5-9558-3833AEECE717}.Release|Any CPU.Build.0 = Release|Any CPU
		{0A327689-147B-45C5-9558-3833AEECE717}.Release|x64.ActiveCfg = Release|Any CPU
		{0A327689-147B-45C5-9558-3833AEECE717}.Release|x64.Build.0 = Release|Any CPU
		{0A327689-147B-45C5-9558-3833AEECE717}.Release|x86.ActiveCfg = Release|Any CPU
		{0A327689-147B-45C5-9558-3833AEECE717}.Release|x86.Build.0 = Release|Any CPU
		{44F9AAB8-5CA8-4DED-A577-1050020746F5}.Debug|Any CPU.ActiveCfg = Debug|Any CPU
		{44F9AAB8-5CA8-4DED-A577-1050020746F5}.Debug|Any CPU.Build.0 = Debug|Any CPU
		{44F9AAB8-5CA8-4DED-A577-1050020746F5}.Debug|x64.ActiveCfg = Debug|Any CPU
		{44F9AAB8-5CA8-4DED-A577-1050020746F5}.Debug|x64.Build.0 = Debug|Any CPU
		{44F9AAB8-5CA8-4DED-A577-1050020746F5}.Debug|x86.ActiveCfg = Debug|Any CPU
		{44F9AAB8-5CA8-4DED-A577-1050020746F5}.Debug|x86.Build.0 = Debug|Any CPU
		{44F9AAB8-5CA8-4DED-A577-1050020746F5}.Release|Any CPU.ActiveCfg = Release|Any CPU
		{44F9AAB8-5CA8-4DED-A577-1050020746F5}.Release|Any CPU.Build.0 = Release|Any CPU
		{44F9AAB8-5CA8-4DED-A577-1050020746F5}.Release|x64.ActiveCfg = Release|Any CPU
		{44F9AAB8-5CA8-4DED-A577-1050020746F5}.Release|x64.Build.0 = Release|Any CPU
		{44F9AAB8-5CA8-4DED-A577-1050020746F5}.Release|x86.ActiveCfg = Release|Any CPU
		{44F9AAB8-5CA8-4DED-A577-1050020746F5}.Release|x86.Build.0 = Release|Any CPU
		{9DACECBA-D38F-4B0E-86A7-7FAF4708BB7F}.Debug|Any CPU.ActiveCfg = Debug|Any CPU
		{9DACECBA-D38F-4B0E-86A7-7FAF4708BB7F}.Debug|Any CPU.Build.0 = Debug|Any CPU
		{9DACECBA-D38F-4B0E-86A7-7FAF4708BB7F}.Debug|x64.ActiveCfg = Debug|Any CPU
		{9DACECBA-D38F-4B0E-86A7-7FAF4708BB7F}.Debug|x64.Build.0 = Debug|Any CPU
		{9DACECBA-D38F-4B0E-86A7-7FAF4708BB7F}.Debug|x86.ActiveCfg = Debug|Any CPU
		{9DACECBA-D38F-4B0E-86A7-7FAF4708BB7F}.Debug|x86.Build.0 = Debug|Any CPU
		{9DACECBA-D38F-4B0E-86A7-7FAF4708BB7F}.Release|Any CPU.ActiveCfg = Release|Any CPU
		{9DACECBA-D38F-4B0E-86A7-7FAF4708BB7F}.Release|Any CPU.Build.0 = Release|Any CPU
		{9DACECBA-D38F-4B0E-86A7-7FAF4708BB7F}.Release|x64.ActiveCfg = Release|Any CPU
		{9DACECBA-D38F-4B0E-86A7-7FAF4708BB7F}.Release|x64.Build.0 = Release|Any CPU
		{9DACECBA-D38F-4B0E-86A7-7FAF4708BB7F}.Release|x86.ActiveCfg = Release|Any CPU
		{9DACECBA-D38F-4B0E-86A7-7FAF4708BB7F}.Release|x86.Build.0 = Release|Any CPU
		{76F1747D-13A6-4E1C-8B68-CBB6A632ED48}.Debug|Any CPU.ActiveCfg = Debug|Any CPU
		{76F1747D-13A6-4E1C-8B68-CBB6A632ED48}.Debug|Any CPU.Build.0 = Debug|Any CPU
		{76F1747D-13A6-4E1C-8B68-CBB6A632ED48}.Debug|x64.ActiveCfg = Debug|Any CPU
		{76F1747D-13A6-4E1C-8B68-CBB6A632ED48}.Debug|x64.Build.0 = Debug|Any CPU
		{76F1747D-13A6-4E1C-8B68-CBB6A632ED48}.Debug|x86.ActiveCfg = Debug|Any CPU
		{76F1747D-13A6-4E1C-8B68-CBB6A632ED48}.Debug|x86.Build.0 = Debug|Any CPU
		{76F1747D-13A6-4E1C-8B68-CBB6A632ED48}.Release|Any CPU.ActiveCfg = Release|Any CPU
		{76F1747D-13A6-4E1C-8B68-CBB6A632ED48}.Release|Any CPU.Build.0 = Release|Any CPU
		{76F1747D-13A6-4E1C-8B68-CBB6A632ED48}.Release|x64.ActiveCfg = Release|Any CPU
		{76F1747D-13A6-4E1C-8B68-CBB6A632ED48}.Release|x64.Build.0 = Release|Any CPU
		{76F1747D-13A6-4E1C-8B68-CBB6A632ED48}.Release|x86.ActiveCfg = Release|Any CPU
		{76F1747D-13A6-4E1C-8B68-CBB6A632ED48}.Release|x86.Build.0 = Release|Any CPU
		{75A3F95E-7202-47B5-BCC2-1E71C856188C}.Debug|Any CPU.ActiveCfg = Debug|Any CPU
		{75A3F95E-7202-47B5-BCC2-1E71C856188C}.Debug|Any CPU.Build.0 = Debug|Any CPU
		{75A3F95E-7202-47B5-BCC2-1E71C856188C}.Debug|x64.ActiveCfg = Debug|Any CPU
		{75A3F95E-7202-47B5-BCC2-1E71C856188C}.Debug|x64.Build.0 = Debug|Any CPU
		{75A3F95E-7202-47B5-BCC2-1E71C856188C}.Debug|x86.ActiveCfg = Debug|Any CPU
		{75A3F95E-7202-47B5-BCC2-1E71C856188C}.Debug|x86.Build.0 = Debug|Any CPU
		{75A3F95E-7202-47B5-BCC2-1E71C856188C}.Release|Any CPU.ActiveCfg = Release|Any CPU
		{75A3F95E-7202-47B5-BCC2-1E71C856188C}.Release|Any CPU.Build.0 = Release|Any CPU
		{75A3F95E-7202-47B5-BCC2-1E71C856188C}.Release|x64.ActiveCfg = Release|Any CPU
		{75A3F95E-7202-47B5-BCC2-1E71C856188C}.Release|x64.Build.0 = Release|Any CPU
		{75A3F95E-7202-47B5-BCC2-1E71C856188C}.Release|x86.ActiveCfg = Release|Any CPU
		{75A3F95E-7202-47B5-BCC2-1E71C856188C}.Release|x86.Build.0 = Release|Any CPU
		{D4272505-4D73-4A1A-886A-D1BD4285FA56}.Debug|Any CPU.ActiveCfg = Debug|Any CPU
		{D4272505-4D73-4A1A-886A-D1BD4285FA56}.Debug|Any CPU.Build.0 = Debug|Any CPU
		{D4272505-4D73-4A1A-886A-D1BD4285FA56}.Debug|x64.ActiveCfg = Debug|Any CPU
		{D4272505-4D73-4A1A-886A-D1BD4285FA56}.Debug|x64.Build.0 = Debug|Any CPU
		{D4272505-4D73-4A1A-886A-D1BD4285FA56}.Debug|x86.ActiveCfg = Debug|Any CPU
		{D4272505-4D73-4A1A-886A-D1BD4285FA56}.Debug|x86.Build.0 = Debug|Any CPU
		{D4272505-4D73-4A1A-886A-D1BD4285FA56}.Release|Any CPU.ActiveCfg = Release|Any CPU
		{D4272505-4D73-4A1A-886A-D1BD4285FA56}.Release|Any CPU.Build.0 = Release|Any CPU
		{D4272505-4D73-4A1A-886A-D1BD4285FA56}.Release|x64.ActiveCfg = Release|Any CPU
		{D4272505-4D73-4A1A-886A-D1BD4285FA56}.Release|x64.Build.0 = Release|Any CPU
		{D4272505-4D73-4A1A-886A-D1BD4285FA56}.Release|x86.ActiveCfg = Release|Any CPU
		{D4272505-4D73-4A1A-886A-D1BD4285FA56}.Release|x86.Build.0 = Release|Any CPU
	EndGlobalSection
	GlobalSection(SolutionProperties) = preSolution
		HideSolutionNode = FALSE
	EndGlobalSection
	GlobalSection(NestedProjects) = preSolution
		{74B7613A-1747-4906-973B-3D155D5C3770} = {827E0CD3-B72D-47B6-A68D-7590B98EB39B}
		{0A327689-147B-45C5-9558-3833AEECE717} = {827E0CD3-B72D-47B6-A68D-7590B98EB39B}
		{44F9AAB8-5CA8-4DED-A577-1050020746F5} = {827E0CD3-B72D-47B6-A68D-7590B98EB39B}
		{9DACECBA-D38F-4B0E-86A7-7FAF4708BB7F} = {827E0CD3-B72D-47B6-A68D-7590B98EB39B}
		{76F1747D-13A6-4E1C-8B68-CBB6A632ED48} = {0AB3BF05-4346-4AA6-1389-037BE0695223}
		{75A3F95E-7202-47B5-BCC2-1E71C856188C} = {0AB3BF05-4346-4AA6-1389-037BE0695223}
		{D4272505-4D73-4A1A-886A-D1BD4285FA56} = {0AB3BF05-4346-4AA6-1389-037BE0695223}
	EndGlobalSection
EndGlobal
